
Microsoft Visual Studio Solution File, Format Version 12.00
# Visual Studio Version 17
VisualStudioVersion = 17.8.34330.188
MinimumVisualStudioVersion = 10.0.40219.1
Project("{FAE04EC0-301F-11D3-BF4B-00C04F79EFBC}") = "MiMinimalAPI", "MiMinimalAPI\MiMinimalAPI.csproj", "{56DC50A8-9B02-4DD5-B1EB-30E6650A1B02}"
EndProject
Global
	GlobalSection(SolutionConfigurationPlatforms) = preSolution
		Debug|Any CPU = Debug|Any CPU
		Release|Any CPU = Release|Any CPU
	EndGlobalSection
	GlobalSection(ProjectConfigurationPlatforms) = postSolution
		{56DC50A8-9B02-4DD5-B1EB-30E6650A1B02}.Debug|Any CPU.ActiveCfg = Debug|Any CPU
		{56DC50A8-9B02-4DD5-B1EB-30E6650A1B02}.Debug|Any CPU.Build.0 = Debug|Any CPU
		{56DC50A8-9B02-4DD5-B1EB-30E6650A1B02}.Release|Any CPU.ActiveCfg = Release|Any CPU
		{56DC50A8-9B02-4DD5-B1EB-30E6650A1B02}.Release|Any CPU.Build.0 = Release|Any CPU
	EndGlobalSection
	GlobalSection(SolutionProperties) = preSolution
		HideSolutionNode = FALSE
	EndGlobalSection
	GlobalSection(ExtensibilityGlobals) = postSolution
		SolutionGuid = {39231816-B672-45C7-96A0-20A8093EEE6E}
	EndGlobalSection
EndGlobal
